// !$*UTF8*$!
{
	archiveVersion = 1;
	classes = {
	};
	objectVersion = 56;
	objects = {

/* Begin PBXBuildFile section */
		AADE8FAE2BBDD82D00704D18 /* RiveTransparentBugApp.swift in Sources */ = {isa = PBXBuildFile; fileRef = AADE8FAD2BBDD82D00704D18 /* RiveTransparentBugApp.swift */; };
		AADE8FB02BBDD82D00704D18 /* ContentView.swift in Sources */ = {isa = PBXBuildFile; fileRef = AADE8FAF2BBDD82D00704D18 /* ContentView.swift */; };
		AADE8FB22BBDD83000704D18 /* Assets.xcassets in Resources */ = {isa = PBXBuildFile; fileRef = AADE8FB12BBDD83000704D18 /* Assets.xcassets */; };
		AADE8FB52BBDD83000704D18 /* Preview Assets.xcassets in Resources */ = {isa = PBXBuildFile; fileRef = AADE8FB42BBDD83000704D18 /* Preview Assets.xcassets */; };
		AADE8FBD2BBDDA0600704D18 /* RiveRuntime in Frameworks */ = {isa = PBXBuildFile; productRef = AADE8FBC2BBDDA0600704D18 /* RiveRuntime */; };
		AADE8FBF2BBDDB6500704D18 /* transparent_png_animation.riv in Resources */ = {isa = PBXBuildFile; fileRef = AADE8FBE2BBDDA2300704D18 /* transparent_png_animation.riv */; };
		AADE8FC12BBDDBC400704D18 /* AppDelegate.swift in Sources */ = {isa = PBXBuildFile; fileRef = AADE8FC02BBDDBC400704D18 /* AppDelegate.swift */; };
/* End PBXBuildFile section */

/* Begin PBXFileReference section */
		AADE8FAA2BBDD82D00704D18 /* RiveTransparentBug.app */ = {isa = PBXFileReference; explicitFileType = wrapper.application; includeInIndex = 0; path = RiveTransparentBug.app; sourceTree = BUILT_PRODUCTS_DIR; };
		AADE8FAD2BBDD82D00704D18 /* RiveTransparentBugApp.swift */ = {isa = PBXFileReference; lastKnownFileType = sourcecode.swift; path = RiveTransparentBugApp.swift; sourceTree = "<group>"; };
		AADE8FAF2BBDD82D00704D18 /* ContentView.swift */ = {isa = PBXFileReference; lastKnownFileType = sourcecode.swift; path = ContentView.swift; sourceTree = "<group>"; };
		AADE8FB12BBDD83000704D18 /* Assets.xcassets */ = {isa = PBXFileReference; lastKnownFileType = folder.assetcatalog; path = Assets.xcassets; sourceTree = "<group>"; };
		AADE8FB42BBDD83000704D18 /* Preview Assets.xcassets */ = {isa = PBXFileReference; lastKnownFileType = folder.assetcatalog; path = "Preview Assets.xcassets"; sourceTree = "<group>"; };
		AADE8FBE2BBDDA2300704D18 /* transparent_png_animation.riv */ = {isa = PBXFileReference; lastKnownFileType = file; path = transparent_png_animation.riv; sourceTree = "<group>"; };
		AADE8FC02BBDDBC400704D18 /* AppDelegate.swift */ = {isa = PBXFileReference; lastKnownFileType = sourcecode.swift; path = AppDelegate.swift; sourceTree = "<group>"; };
/* End PBXFileReference section */

/* Begin PBXFrameworksBuildPhase section */
		AADE8FA72BBDD82D00704D18 /* Frameworks */ = {
			isa = PBXFrameworksBuildPhase;
			buildActionMask = 2147483647;
			files = (
				AADE8FBD2BBDDA0600704D18 /* RiveRuntime in Frameworks */,
			);
			runOnlyForDeploymentPostprocessing = 0;
		};
/* End PBXFrameworksBuildPhase section */

/* Begin PBXGroup section */
		AADE8FA12BBDD82D00704D18 = {
			isa = PBXGroup;
			children = (
				AADE8FAC2BBDD82D00704D18 /* RiveTransparentBug */,
				AADE8FAB2BBDD82D00704D18 /* Products */,
			);
			sourceTree = "<group>";
		};
		AADE8FAB2BBDD82D00704D18 /* Products */ = {
			isa = PBXGroup;
			children = (
				AADE8FAA2BBDD82D00704D18 /* RiveTransparentBug.app */,
			);
			name = Products;
			sourceTree = "<group>";
		};
		AADE8FAC2BBDD82D00704D18 /* RiveTransparentBug */ = {
			isa = PBXGroup;
			children = (
				AADE8FBE2BBDDA2300704D18 /* transparent_png_animation.riv */,
				AADE8FAD2BBDD82D00704D18 /* RiveTransparentBugApp.swift */,
				AADE8FAF2BBDD82D00704D18 /* ContentView.swift */,
				AADE8FB12BBDD83000704D18 /* Assets.xcassets */,
				AADE8FB32BBDD83000704D18 /* Preview Content */,
				AADE8FC02BBDDBC400704D18 /* AppDelegate.swift */,
			);
			path = RiveTransparentBug;
			sourceTree = "<group>";
		};
		AADE8FB32BBDD83000704D18 /* Preview Content */ = {
			isa = PBXGroup;
			children = (
				AADE8FB42BBDD83000704D18 /* Preview Assets.xcassets */,
			);
			path = "Preview Content";
			sourceTree = "<group>";
		};
/* End PBXGroup section */

/* Begin PBXNativeTarget section */
		AADE8FA92BBDD82D00704D18 /* RiveTransparentBug */ = {
			isa = PBXNativeTarget;
			buildConfigurationList = AADE8FB82BBDD83000704D18 /* Build configuration list for PBXNativeTarget "RiveTransparentBug" */;
			buildPhases = (
				AADE8FA62BBDD82D00704D18 /* Sources */,
				AADE8FA72BBDD82D00704D18 /* Frameworks */,
				AADE8FA82BBDD82D00704D18 /* Resources */,
			);
			buildRules = (
			);
			dependencies = (
			);
			name = RiveTransparentBug;
			packageProductDependencies = (
				AADE8FBC2BBDDA0600704D18 /* RiveRuntime */,
			);
			productName = RiveTransparentBug;
			productReference = AADE8FAA2BBDD82D00704D18 /* RiveTransparentBug.app */;
			productType = "com.apple.product-type.application";
		};
/* End PBXNativeTarget section */

/* Begin PBXProject section */
		AADE8FA22BBDD82D00704D18 /* Project object */ = {
			isa = PBXProject;
			attributes = {
				BuildIndependentTargetsInParallel = 1;
				LastSwiftUpdateCheck = 1530;
				LastUpgradeCheck = 1530;
				TargetAttributes = {
					AADE8FA92BBDD82D00704D18 = {
						CreatedOnToolsVersion = 15.3;
					};
				};
			};
			buildConfigurationList = AADE8FA52BBDD82D00704D18 /* Build configuration list for PBXProject "RiveTransparentBug" */;
			compatibilityVersion = "Xcode 14.0";
			developmentRegion = en;
			hasScannedForEncodings = 0;
			knownRegions = (
				en,
				Base,
			);
			mainGroup = AADE8FA12BBDD82D00704D18;
			packageReferences = (
				AADE8FBB2BBDDA0600704D18 /* XCRemoteSwiftPackageReference "rive-ios" */,
			);
			productRefGroup = AADE8FAB2BBDD82D00704D18 /* Products */;
			projectDirPath = "";
			projectRoot = "";
			targets = (
				AADE8FA92BBDD82D00704D18 /* RiveTransparentBug */,
			);
		};
/* End PBXProject section */

/* Begin PBXResourcesBuildPhase section */
		AADE8FA82BBDD82D00704D18 /* Resources */ = {
			isa = PBXResourcesBuildPhase;
			buildActionMask = 2147483647;
			files = (
				AADE8FB52BBDD83000704D18 /* Preview Assets.xcassets in Resources */,
				AADE8FB22BBDD83000704D18 /* Assets.xcassets in Resources */,
				AADE8FBF2BBDDB6500704D18 /* transparent_png_animation.riv in Resources */,
			);
			runOnlyForDeploymentPostprocessing = 0;
		};
/* End PBXResourcesBuildPhase section */

/* Begin PBXSourcesBuildPhase section */
		AADE8FA62BBDD82D00704D18 /* Sources */ = {
			isa = PBXSourcesBuildPhase;
			buildActionMask = 2147483647;
			files = (
				AADE8FC12BBDDBC400704D18 /* AppDelegate.swift in Sources */,
				AADE8FB02BBDD82D00704D18 /* ContentView.swift in Sources */,
				AADE8FAE2BBDD82D00704D18 /* RiveTransparentBugApp.swift in Sources */,
			);
			runOnlyForDeploymentPostprocessing = 0;
		};
/* End PBXSourcesBuildPhase section */

/* Begin XCBuildConfiguration section */
		AADE8FB62BBDD83000704D18 /* Debug */ = {
			isa = XCBuildConfiguration;
			buildSettings = {
				ALWAYS_SEARCH_USER_PATHS = NO;
				ASSETCATALOG_COMPILER_GENERATE_SWIFT_ASSET_SYMBOL_EXTENSIONS = YES;
				CLANG_ANALYZER_NONNULL = YES;
				CLANG_ANALYZER_NUMBER_OBJECT_CONVERSION = YES_AGGRESSIVE;
				CLANG_CXX_LANGUAGE_STANDARD = "gnu++20";
				CLANG_ENABLE_MODULES = YES;
				CLANG_ENABLE_OBJC_ARC = YES;
				CLANG_ENABLE_OBJC_WEAK = YES;
				CLANG_WARN_BLOCK_CAPTURE_AUTORELEASING = YES;
				CLANG_WARN_BOOL_CONVERSION = YES;
				CLANG_WARN_COMMA = YES;
				CLANG_WARN_CONSTANT_CONVERSION = YES;
				CLANG_WARN_DEPRECATED_OBJC_IMPLEMENTATIONS = YES;
				CLANG_WARN_DIRECT_OBJC_ISA_USAGE = YES_ERROR;
				CLANG_WARN_DOCUMENTATION_COMMENTS = YES;
				CLANG_WARN_EMPTY_BODY = YES;
				CLANG_WARN_ENUM_CONVERSION = YES;
				CLANG_WARN_INFINITE_RECURSION = YES;
				CLANG_WARN_INT_CONVERSION = YES;
				CLANG_WARN_NON_LITERAL_NULL_CONVERSION = YES;
				CLANG_WARN_OBJC_IMPLICIT_RETAIN_SELF = YES;
				CLANG_WARN_OBJC_LITERAL_CONVERSION = YES;
				CLANG_WARN_OBJC_ROOT_CLASS = YES_ERROR;
				CLANG_WARN_QUOTED_INCLUDE_IN_FRAMEWORK_HEADER = YES;
				CLANG_WARN_RANGE_LOOP_ANALYSIS = YES;
				CLANG_WARN_STRICT_PROTOTYPES = YES;
				CLANG_WARN_SUSPICIOUS_MOVE = YES;
				CLANG_WARN_UNGUARDED_AVAILABILITY = YES_AGGRESSIVE;
				CLANG_WARN_UNREACHABLE_CODE = YES;
				CLANG_WARN__DUPLICATE_METHOD_MATCH = YES;
				COPY_PHASE_STRIP = NO;
				DEBUG_INFORMATION_FORMAT = dwarf;
				ENABLE_STRICT_OBJC_MSGSEND = YES;
				ENABLE_TESTABILITY = YES;
				ENABLE_USER_SCRIPT_SANDBOXING = YES;
				GCC_C_LANGUAGE_STANDARD = gnu17;
				GCC_DYNAMIC_NO_PIC = NO;
				GCC_NO_COMMON_BLOCKS = YES;
				GCC_OPTIMIZATION_LEVEL = 0;
				GCC_PREPROCESSOR_DEFINITIONS = (
					"DEBUG=1",
					"$(inherited)",
				);
				GCC_WARN_64_TO_32_BIT_CONVERSION = YES;
				GCC_WARN_ABOUT_RETURN_TYPE = YES_ERROR;
				GCC_WARN_UNDECLARED_SELECTOR = YES;
				GCC_WARN_UNINITIALIZED_AUTOS = YES_AGGRESSIVE;
				GCC_WARN_UNUSED_FUNCTION = YES;
				GCC_WARN_UNUSED_VARIABLE = YES;
				IPHONEOS_DEPLOYMENT_TARGET = 17.4;
				LOCALIZATION_PREFERS_STRING_CATALOGS = YES;
				MTL_ENABLE_DEBUG_INFO = INCLUDE_SOURCE;
				MTL_FAST_MATH = YES;
				ONLY_ACTIVE_ARCH = YES;
				SDKROOT = iphoneos;
				SWIFT_ACTIVE_COMPILATION_CONDITIONS = "DEBUG $(inherited)";
				SWIFT_OPTIMIZATION_LEVEL = "-Onone";
			};
			name = Debug;
		};
		AADE8FB72BBDD83000704D18 /* Release */ = {
			isa = XCBuildConfiguration;
			buildSettings = {
				ALWAYS_SEARCH_USER_PATHS = NO;
				ASSETCATALOG_COMPILER_GENERATE_SWIFT_ASSET_SYMBOL_EXTENSIONS = YES;
				CLANG_ANALYZER_NONNULL = YES;
				CLANG_ANALYZER_NUMBER_OBJECT_CONVERSION = YES_AGGRESSIVE;
				CLANG_CXX_LANGUAGE_STANDARD = "gnu++20";
				CLANG_ENABLE_MODULES = YES;
				CLANG_ENABLE_OBJC_ARC = YES;
				CLANG_ENABLE_OBJC_WEAK = YES;
				CLANG_WARN_BLOCK_CAPTURE_AUTORELEASING = YES;
				CLANG_WARN_BOOL_CONVERSION = YES;
				CLANG_WARN_COMMA = YES;
				CLANG_WARN_CONSTANT_CONVERSION = YES;
				CLANG_WARN_DEPRECATED_OBJC_IMPLEMENTATIONS = YES;
				CLANG_WARN_DIRECT_OBJC_ISA_USAGE = YES_ERROR;
				CLANG_WARN_DOCUMENTATION_COMMENTS = YES;
				CLANG_WARN_EMPTY_BODY = YES;
				CLANG_WARN_ENUM_CONVERSION = YES;
				CLANG_WARN_INFINITE_RECURSION = YES;
				CLANG_WARN_INT_CONVERSION = YES;
				CLANG_WARN_NON_LITERAL_NULL_CONVERSION = YES;
				CLANG_WARN_OBJC_IMPLICIT_RETAIN_SELF = YES;
				CLANG_WARN_OBJC_LITERAL_CONVERSION = YES;
				CLANG_WARN_OBJC_ROOT_CLASS = YES_ERROR;
				CLANG_WARN_QUOTED_INCLUDE_IN_FRAMEWORK_HEADER = YES;
				CLANG_WARN_RANGE_LOOP_ANALYSIS = YES;
				CLANG_WARN_STRICT_PROTOTYPES = YES;
				CLANG_WARN_SUSPICIOUS_MOVE = YES;
				CLANG_WARN_UNGUARDED_AVAILABILITY = YES_AGGRESSIVE;
				CLANG_WARN_UNREACHABLE_CODE = YES;
				CLANG_WARN__DUPLICATE_METHOD_MATCH = YES;
				COPY_PHASE_STRIP = NO;
				DEBUG_INFORMATION_FORMAT = "dwarf-with-dsym";
				ENABLE_NS_ASSERTIONS = NO;
				ENABLE_STRICT_OBJC_MSGSEND = YES;
				ENABLE_USER_SCRIPT_SANDBOXING = YES;
				GCC_C_LANGUAGE_STANDARD = gnu17;
				GCC_NO_COMMON_BLOCKS = YES;
				GCC_WARN_64_TO_32_BIT_CONVERSION = YES;
				GCC_WARN_ABOUT_RETURN_TYPE = YES_ERROR;
				GCC_WARN_UNDECLARED_SELECTOR = YES;
				GCC_WARN_UNINITIALIZED_AUTOS = YES_AGGRESSIVE;
				GCC_WARN_UNUSED_FUNCTION = YES;
				GCC_WARN_UNUSED_VARIABLE = YES;
				IPHONEOS_DEPLOYMENT_TARGET = 17.4;
				LOCALIZATION_PREFERS_STRING_CATALOGS = YES;
				MTL_ENABLE_DEBUG_INFO = NO;
				MTL_FAST_MATH = YES;
				SDKROOT = iphoneos;
				SWIFT_COMPILATION_MODE = wholemodule;
				VALIDATE_PRODUCT = YES;
			};
			name = Release;
		};
		AADE8FB92BBDD83000704D18 /* Debug */ = {
			isa = XCBuildConfiguration;
			buildSettings = {
				ASSETCATALOG_COMPILER_APPICON_NAME = AppIcon;
				ASSETCATALOG_COMPILER_GLOBAL_ACCENT_COLOR_NAME = AccentColor;
				CODE_SIGN_STYLE = Automatic;
				CURRENT_PROJECT_VERSION = 1;
				DEVELOPMENT_ASSET_PATHS = "\"RiveTransparentBug/Preview Content\"";
				DEVELOPMENT_TEAM = 63NK2344DF;
				ENABLE_PREVIEWS = YES;
				GENERATE_INFOPLIST_FILE = YES;
				INFOPLIST_KEY_UIApplicationSceneManifest_Generation = YES;
				INFOPLIST_KEY_UIApplicationSupportsIndirectInputEvents = YES;
				INFOPLIST_KEY_UILaunchScreen_Generation = YES;
				INFOPLIST_KEY_UISupportedInterfaceOrientations_iPad = "UIInterfaceOrientationPortrait UIInterfaceOrientationPortraitUpsideDown UIInterfaceOrientationLandscapeLeft UIInterfaceOrientationLandscapeRight";
				INFOPLIST_KEY_UISupportedInterfaceOrientations_iPhone = "UIInterfaceOrientationPortrait UIInterfaceOrientationLandscapeLeft UIInterfaceOrientationLandscapeRight";
				IPHONEOS_DEPLOYMENT_TARGET = 15.0;
				LD_RUNPATH_SEARCH_PATHS = (
					"$(inherited)",
					"@executable_path/Frameworks",
				);
				MARKETING_VERSION = 1.0;
				PRODUCT_BUNDLE_IDENTIFIER = oleg.bezrukavnikov.RiveTransparentBug;
				PRODUCT_NAME = "$(TARGET_NAME)";
				SWIFT_EMIT_LOC_STRINGS = YES;
				SWIFT_VERSION = 5.0;
				TARGETED_DEVICE_FAMILY = "1,2";
			};
			name = Debug;
		};
		AADE8FBA2BBDD83000704D18 /* Release */ = {
			isa = XCBuildConfiguration;
			buildSettings = {
				ASSETCATALOG_COMPILER_APPICON_NAME = AppIcon;
				ASSETCATALOG_COMPILER_GLOBAL_ACCENT_COLOR_NAME = AccentColor;
				CODE_SIGN_STYLE = Automatic;
				CURRENT_PROJECT_VERSION = 1;
				DEVELOPMENT_ASSET_PATHS = "\"RiveTransparentBug/Preview Content\"";
				DEVELOPMENT_TEAM = 63NK2344DF;
				ENABLE_PREVIEWS = YES;
				GENERATE_INFOPLIST_FILE = YES;
				INFOPLIST_KEY_UIApplicationSceneManifest_Generation = YES;
				INFOPLIST_KEY_UIApplicationSupportsIndirectInputEvents = YES;
				INFOPLIST_KEY_UILaunchScreen_Generation = YES;
				INFOPLIST_KEY_UISupportedInterfaceOrientations_iPad = "UIInterfaceOrientationPortrait UIInterfaceOrientationPortraitUpsideDown UIInterfaceOrientationLandscapeLeft UIInterfaceOrientationLandscapeRight";
				INFOPLIST_KEY_UISupportedInterfaceOrientations_iPhone = "UIInterfaceOrientationPortrait UIInterfaceOrientationLandscapeLeft UIInterfaceOrientationLandscapeRight";
				IPHONEOS_DEPLOYMENT_TARGET = 15.0;
				LD_RUNPATH_SEARCH_PATHS = (
					"$(inherited)",
					"@executable_path/Frameworks",
				);
				MARKETING_VERSION = 1.0;
				PRODUCT_BUNDLE_IDENTIFIER = oleg.bezrukavnikov.RiveTransparentBug;
				PRODUCT_NAME = "$(TARGET_NAME)";
				SWIFT_EMIT_LOC_STRINGS = YES;
				SWIFT_VERSION = 5.0;
				TARGETED_DEVICE_FAMILY = "1,2";
			};
			name = Release;
		};
/* End XCBuildConfiguration section */

/* Begin XCConfigurationList section */
		AADE8FA52BBDD82D00704D18 /* Build configuration list for PBXProject "RiveTransparentBug" */ = {
			isa = XCConfigurationList;
			buildConfigurations = (
				AADE8FB62BBDD83000704D18 /* Debug */,
				AADE8FB72BBDD83000704D18 /* Release */,
			);
			defaultConfigurationIsVisible = 0;
			defaultConfigurationName = Release;
		};
		AADE8FB82BBDD83000704D18 /* Build configuration list for PBXNativeTarget "RiveTransparentBug" */ = {
			isa = XCConfigurationList;
			buildConfigurations = (
				AADE8FB92BBDD83000704D18 /* Debug */,
				AADE8FBA2BBDD83000704D18 /* Release */,
			);
			defaultConfigurationIsVisible = 0;
			defaultConfigurationName = Release;
		};
/* End XCConfigurationList section */

/* Begin XCRemoteSwiftPackageReference section */
		AADE8FBB2BBDDA0600704D18 /* XCRemoteSwiftPackageReference "rive-ios" */ = {
			isa = XCRemoteSwiftPackageReference;
			repositoryURL = "https://github.com/rive-app/rive-ios";
			requirement = {
				kind = upToNextMajorVersion;
				minimumVersion = 5.10.0;
			};
		};
/* End XCRemoteSwiftPackageReference section */

/* Begin XCSwiftPackageProductDependency section */
		AADE8FBC2BBDDA0600704D18 /* RiveRuntime */ = {
			isa = XCSwiftPackageProductDependency;
			package = AADE8FBB2BBDDA0600704D18 /* XCRemoteSwiftPackageReference "rive-ios" */;
			productName = RiveRuntime;
		};
/* End XCSwiftPackageProductDependency section */
	};
	rootObject = AADE8FA22BBDD82D00704D18 /* Project object */;
}
